
Microsoft Visual Studio Solution File, Format Version 12.00
Project("{FAE04EC0-301F-11D3-BF4B-00C04F79EFBC}") = "TetBet.Client", "TetBet.Client.csproj", "{464C19EE-CC05-46CF-83B3-00A31F31D24D}"
EndProject
Project("{FAE04EC0-301F-11D3-BF4B-00C04F79EFBC}") = "TetBet.Client.Core", "TetBet.Client.Core\TetBet.Client.Core.csproj", "{FB59E805-4653-4EB1-B1D9-5D3F73FD3F77}"
EndProject
Project("{FAE04EC0-301F-11D3-BF4B-00C04F79EFBC}") = "TetBet.Client.Application", "TetBet.Client.Application\TetBet.Client.Application.csproj", "{527F6693-ED64-4CA4-9D4C-7273C8B5627D}"
EndProject
Global
	GlobalSection(SolutionConfigurationPlatforms) = preSolution
		Debug|Any CPU = Debug|Any CPU
		Release|Any CPU = Release|Any CPU
	EndGlobalSection
	GlobalSection(ProjectConfigurationPlatforms) = postSolution
		{464C19EE-CC05-46CF-83B3-00A31F31D24D}.Debug|Any CPU.ActiveCfg = Debug|Any CPU
		{464C19EE-CC05-46CF-83B3-00A31F31D24D}.Debug|Any CPU.Build.0 = Debug|Any CPU
		{464C19EE-CC05-46CF-83B3-00A31F31D24D}.Release|Any CPU.ActiveCfg = Release|Any CPU
		{464C19EE-CC05-46CF-83B3-00A31F31D24D}.Release|Any CPU.Build.0 = Release|Any CPU
		{FB59E805-4653-4EB1-B1D9-5D3F73FD3F77}.Debug|Any CPU.ActiveCfg = Debug|Any CPU
		{FB59E805-4653-4EB1-B1D9-5D3F73FD3F77}.Debug|Any CPU.Build.0 = Debug|Any CPU
		{FB59E805-4653-4EB1-B1D9-5D3F73FD3F77}.Release|Any CPU.ActiveCfg = Release|Any CPU
		{FB59E805-4653-4EB1-B1D9-5D3F73FD3F77}.Release|Any CPU.Build.0 = Release|Any CPU
		{527F6693-ED64-4CA4-9D4C-7273C8B5627D}.Debug|Any CPU.ActiveCfg = Debug|Any CPU
		{527F6693-ED64-4CA4-9D4C-7273C8B5627D}.Debug|Any CPU.Build.0 = Debug|Any CPU
		{527F6693-ED64-4CA4-9D4C-7273C8B5627D}.Release|Any CPU.ActiveCfg = Release|Any CPU
		{527F6693-ED64-4CA4-9D4C-7273C8B5627D}.Release|Any CPU.Build.0 = Release|Any CPU
	EndGlobalSection
EndGlobal
