
Microsoft Visual Studio Solution File, Format Version 12.00
Project("{FAE04EC0-301F-11D3-BF4B-00C04F79EFBC}") = "TetBet.Infrastructure", "TetBet.Infrastructure\TetBet.Infrastructure.csproj", "{CDCAF0DC-8FC6-45A5-9F6A-3A306B8E7614}"
EndProject
Global
	GlobalSection(SolutionConfigurationPlatforms) = preSolution
		Debug|Any CPU = Debug|Any CPU
		Release|Any CPU = Release|Any CPU
	EndGlobalSection
	GlobalSection(ProjectConfigurationPlatforms) = postSolution
		{CDCAF0DC-8FC6-45A5-9F6A-3A306B8E7614}.Debug|Any CPU.ActiveCfg = Debug|Any CPU
		{CDCAF0DC-8FC6-45A5-9F6A-3A306B8E7614}.Debug|Any CPU.Build.0 = Debug|Any CPU
		{CDCAF0DC-8FC6-45A5-9F6A-3A306B8E7614}.Release|Any CPU.ActiveCfg = Release|Any CPU
		{CDCAF0DC-8FC6-45A5-9F6A-3A306B8E7614}.Release|Any CPU.Build.0 = Release|Any CPU
	EndGlobalSection
EndGlobal
